
Microsoft Visual Studio Solution File, Format Version 12.00
# Visual Studio Version 16
VisualStudioVersion = 16.0.30503.244
MinimumVisualStudioVersion = 10.0.40219.1
Project("{2150E333-8FDC-42A3-9474-1A3956D46DE8}") = "Lab1", "Lab1", "{6881A73A-C8F4-4DE6-9F56-9202E6B13DA5}"
EndProject
Project("{2150E333-8FDC-42A3-9474-1A3956D46DE8}") = "Lab2", "Lab2", "{0E21EF36-4518-4C88-BD60-8F643D46D609}"
EndProject
Project("{2150E333-8FDC-42A3-9474-1A3956D46DE8}") = "Lab3", "Lab3", "{6A3CF066-E315-4D89-903F-52062D91DFFF}"
EndProject
Project("{2150E333-8FDC-42A3-9474-1A3956D46DE8}") = "Lab4", "Lab4", "{1DBAB7D0-7800-431E-AB85-7BBCBBA5C2A3}"
EndProject
Project("{2150E333-8FDC-42A3-9474-1A3956D46DE8}") = "Lab5_6", "Lab5_6", "{92CA6B29-75C2-4368-9CB9-7E90AA8A2604}"
EndProject
Project("{FAE04EC0-301F-11D3-BF4B-00C04F79EFBC}") = "4сем_c_sharp_1", "..\c_sharp\4сем_c_sharp_1\4сем_c_sharp_1\4сем_c_sharp_1.csproj", "{5918AB67-AF54-4044-BDC8-BD6A33980AFF}"
EndProject
Project("{FAE04EC0-301F-11D3-BF4B-00C04F79EFBC}") = "Lab1.Objects", "..\c_sharp\Lab1.Objects\Lab1.Objects\Lab1.Objects.csproj", "{209EBB42-8BBF-40D0-9C3A-034B8CF000F3}"
EndProject
Project("{FAE04EC0-301F-11D3-BF4B-00C04F79EFBC}") = "Lab2.Objects", "..\c_sharp\Lab2.Objects\Lab2.Objects\Lab2.Objects.csproj", "{9D240F98-AEED-43B1-BFAB-605E371B0CA2}"
EndProject
Project("{FAE04EC0-301F-11D3-BF4B-00C04F79EFBC}") = "4сем_c_sharp_2", "..\c_sharp\4сем_c_sharp_2\4сем_c_sharp_2\4сем_c_sharp_2.csproj", "{A861C6D3-1D74-47A2-A487-85462A84C0A9}"
EndProject
Project("{FAE04EC0-301F-11D3-BF4B-00C04F79EFBC}") = "Lab3.Objects", "..\c_sharp\Lab3.Objects\Lab3.Objects\Lab3.Objects.csproj", "{33C0F8F3-E08D-4591-9498-082CBFB7D1AA}"
EndProject
Project("{FAE04EC0-301F-11D3-BF4B-00C04F79EFBC}") = "4сем_c_sharp_3", "..\c_sharp\4сем_c_sharp_3\4сем_c_sharp_3\4сем_c_sharp_3.csproj", "{81A8FD82-10D4-4907-B024-3B205279F078}"
EndProject
Project("{FAE04EC0-301F-11D3-BF4B-00C04F79EFBC}") = "Lab4.Objects", "..\c_sharp\Lab4.Objects\Lab4.Objects\Lab4.Objects.csproj", "{D92BC8E6-E86B-48BB-BBC9-69F2D2F67A87}"
EndProject
Project("{FAE04EC0-301F-11D3-BF4B-00C04F79EFBC}") = "4сем_c_sharp_4", "..\c_sharp\4сем_c_sharp_4\4сем_c_sharp_4\4сем_c_sharp_4.csproj", "{C043E9D1-03A9-4492-B09F-778434E05ECD}"
EndProject
Project("{FAE04EC0-301F-11D3-BF4B-00C04F79EFBC}") = "Lab5.Objects", "..\c_sharp\Lab5.Objects\Lab5.Objects\Lab5.Objects.csproj", "{172C9AA3-89AF-4729-828E-503AE71C5A4C}"
EndProject
Project("{FAE04EC0-301F-11D3-BF4B-00C04F79EFBC}") = "4сем_c_sharp_5", "..\c_sharp\4сем_c_sharp_5\4сем_c_sharp_5\4сем_c_sharp_5.csproj", "{443909DB-98DF-41AE-B6F8-608722F6417D}"
EndProject
Global
	GlobalSection(SolutionConfigurationPlatforms) = preSolution
		Debug|Any CPU = Debug|Any CPU
		Release|Any CPU = Release|Any CPU
	EndGlobalSection
	GlobalSection(ProjectConfigurationPlatforms) = postSolution
		{5918AB67-AF54-4044-BDC8-BD6A33980AFF}.Debug|Any CPU.ActiveCfg = Debug|Any CPU
		{5918AB67-AF54-4044-BDC8-BD6A33980AFF}.Debug|Any CPU.Build.0 = Debug|Any CPU
		{5918AB67-AF54-4044-BDC8-BD6A33980AFF}.Release|Any CPU.ActiveCfg = Release|Any CPU
		{5918AB67-AF54-4044-BDC8-BD6A33980AFF}.Release|Any CPU.Build.0 = Release|Any CPU
		{209EBB42-8BBF-40D0-9C3A-034B8CF000F3}.Debug|Any CPU.ActiveCfg = Debug|Any CPU
		{209EBB42-8BBF-40D0-9C3A-034B8CF000F3}.Debug|Any CPU.Build.0 = Debug|Any CPU
		{209EBB42-8BBF-40D0-9C3A-034B8CF000F3}.Release|Any CPU.ActiveCfg = Release|Any CPU
		{209EBB42-8BBF-40D0-9C3A-034B8CF000F3}.Release|Any CPU.Build.0 = Release|Any CPU
		{9D240F98-AEED-43B1-BFAB-605E371B0CA2}.Debug|Any CPU.ActiveCfg = Debug|Any CPU
		{9D240F98-AEED-43B1-BFAB-605E371B0CA2}.Debug|Any CPU.Build.0 = Debug|Any CPU
		{9D240F98-AEED-43B1-BFAB-605E371B0CA2}.Release|Any CPU.ActiveCfg = Release|Any CPU
		{9D240F98-AEED-43B1-BFAB-605E371B0CA2}.Release|Any CPU.Build.0 = Release|Any CPU
		{A861C6D3-1D74-47A2-A487-85462A84C0A9}.Debug|Any CPU.ActiveCfg = Debug|Any CPU
		{A861C6D3-1D74-47A2-A487-85462A84C0A9}.Debug|Any CPU.Build.0 = Debug|Any CPU
		{A861C6D3-1D74-47A2-A487-85462A84C0A9}.Release|Any CPU.ActiveCfg = Release|Any CPU
		{A861C6D3-1D74-47A2-A487-85462A84C0A9}.Release|Any CPU.Build.0 = Release|Any CPU
		{33C0F8F3-E08D-4591-9498-082CBFB7D1AA}.Debug|Any CPU.ActiveCfg = Debug|Any CPU
		{33C0F8F3-E08D-4591-9498-082CBFB7D1AA}.Debug|Any CPU.Build.0 = Debug|Any CPU
		{33C0F8F3-E08D-4591-9498-082CBFB7D1AA}.Release|Any CPU.ActiveCfg = Release|Any CPU
		{33C0F8F3-E08D-4591-9498-082CBFB7D1AA}.Release|Any CPU.Build.0 = Release|Any CPU
		{81A8FD82-10D4-4907-B024-3B205279F078}.Debug|Any CPU.ActiveCfg = Debug|Any CPU
		{81A8FD82-10D4-4907-B024-3B205279F078}.Debug|Any CPU.Build.0 = Debug|Any CPU
		{81A8FD82-10D4-4907-B024-3B205279F078}.Release|Any CPU.ActiveCfg = Release|Any CPU
		{81A8FD82-10D4-4907-B024-3B205279F078}.Release|Any CPU.Build.0 = Release|Any CPU
		{D92BC8E6-E86B-48BB-BBC9-69F2D2F67A87}.Debug|Any CPU.ActiveCfg = Debug|Any CPU
		{D92BC8E6-E86B-48BB-BBC9-69F2D2F67A87}.Debug|Any CPU.Build.0 = Debug|Any CPU
		{D92BC8E6-E86B-48BB-BBC9-69F2D2F67A87}.Release|Any CPU.ActiveCfg = Release|Any CPU
		{D92BC8E6-E86B-48BB-BBC9-69F2D2F67A87}.Release|Any CPU.Build.0 = Release|Any CPU
		{C043E9D1-03A9-4492-B09F-778434E05ECD}.Debug|Any CPU.ActiveCfg = Debug|Any CPU
		{C043E9D1-03A9-4492-B09F-778434E05ECD}.Debug|Any CPU.Build.0 = Debug|Any CPU
		{C043E9D1-03A9-4492-B09F-778434E05ECD}.Release|Any CPU.ActiveCfg = Release|Any CPU
		{C043E9D1-03A9-4492-B09F-778434E05ECD}.Release|Any CPU.Build.0 = Release|Any CPU
		{172C9AA3-89AF-4729-828E-503AE71C5A4C}.Debug|Any CPU.ActiveCfg = Debug|Any CPU
		{172C9AA3-89AF-4729-828E-503AE71C5A4C}.Debug|Any CPU.Build.0 = Debug|Any CPU
		{172C9AA3-89AF-4729-828E-503AE71C5A4C}.Release|Any CPU.ActiveCfg = Release|Any CPU
		{172C9AA3-89AF-4729-828E-503AE71C5A4C}.Release|Any CPU.Build.0 = Release|Any CPU
		{443909DB-98DF-41AE-B6F8-608722F6417D}.Debug|Any CPU.ActiveCfg = Debug|Any CPU
		{443909DB-98DF-41AE-B6F8-608722F6417D}.Debug|Any CPU.Build.0 = Debug|Any CPU
		{443909DB-98DF-41AE-B6F8-608722F6417D}.Release|Any CPU.ActiveCfg = Release|Any CPU
		{443909DB-98DF-41AE-B6F8-608722F6417D}.Release|Any CPU.Build.0 = Release|Any CPU
	EndGlobalSection
	GlobalSection(SolutionProperties) = preSolution
		HideSolutionNode = FALSE
	EndGlobalSection
	GlobalSection(NestedProjects) = preSolution
		{5918AB67-AF54-4044-BDC8-BD6A33980AFF} = {6881A73A-C8F4-4DE6-9F56-9202E6B13DA5}
		{209EBB42-8BBF-40D0-9C3A-034B8CF000F3} = {6881A73A-C8F4-4DE6-9F56-9202E6B13DA5}
		{9D240F98-AEED-43B1-BFAB-605E371B0CA2} = {0E21EF36-4518-4C88-BD60-8F643D46D609}
		{A861C6D3-1D74-47A2-A487-85462A84C0A9} = {0E21EF36-4518-4C88-BD60-8F643D46D609}
		{33C0F8F3-E08D-4591-9498-082CBFB7D1AA} = {6A3CF066-E315-4D89-903F-52062D91DFFF}
		{81A8FD82-10D4-4907-B024-3B205279F078} = {6A3CF066-E315-4D89-903F-52062D91DFFF}
		{D92BC8E6-E86B-48BB-BBC9-69F2D2F67A87} = {1DBAB7D0-7800-431E-AB85-7BBCBBA5C2A3}
		{C043E9D1-03A9-4492-B09F-778434E05ECD} = {1DBAB7D0-7800-431E-AB85-7BBCBBA5C2A3}
		{172C9AA3-89AF-4729-828E-503AE71C5A4C} = {92CA6B29-75C2-4368-9CB9-7E90AA8A2604}
		{443909DB-98DF-41AE-B6F8-608722F6417D} = {92CA6B29-75C2-4368-9CB9-7E90AA8A2604}
	EndGlobalSection
	GlobalSection(ExtensibilityGlobals) = postSolution
		SolutionGuid = {55DC1870-2E2D-4F40-A4D3-57F17C2FD914}
	EndGlobalSection
EndGlobal
